# THIS IS AN AUTOGENERATED FILE. DO NOT EDIT THIS FILE DIRECTLY.
# yarn lockfile v1


"@types/ramda@^0.26.36":
  version "0.26.36"
  resolved "https://registry.yarnpkg.com/@types/ramda/-/ramda-0.26.36.tgz#094f495c04f8876f583597ae73dce7eac94fc6ba"
  integrity sha512-uo22Nf32Cc3EURp9tYlFttY8MVQZ1zoVum+D+yQ2jm4IqQFxDtwCQlP/WMwbuj4ey5kw1rJ7v6OacDszfWiqLA==
  dependencies:
    ts-toolbelt "^4.10.7"

ramda@^0.26.1:
  version "0.26.1"
  resolved "https://registry.yarnpkg.com/ramda/-/ramda-0.26.1.tgz#8d41351eb8111c55353617fc3bbffad8e4d35d06"
  integrity sha512-hLWjpy7EnsDBb0p+Z3B7rPi3GDeRG5ZtiI33kJhTt+ORCd38AbAIjB/9zRIUoeTbE/AVX5ZkU7m6bznsvrf8eQ==

ts-toolbelt@^4.10.7:
  version "4.12.13"
  resolved "https://registry.yarnpkg.com/ts-toolbelt/-/ts-toolbelt-4.12.13.tgz#a2fb92f16ef6e5828c16a8f403e1eaf87703160b"
  integrity sha512-tnMgohN582PAv9u5xX8tsbdTzawRwyhvrg2r1qOgiAUOXB8ABGwYQeOh0qfE43wKF0ygvbBrM/CTZMED6ow5ZQ==
